
Microsoft Visual Studio Solution File, Format Version 12.00
# Visual Studio Version 16
VisualStudioVersion = 16.0.30114.105
MinimumVisualStudioVersion = 10.0.40219.1
Project("{9A19103F-16F7-4668-BE54-9A1E7A4F7556}") = "Demo.Api", "src\Demo.Api\Demo.Api.csproj", "{23AAC98F-5E7D-42CF-B31E-831165EB2E22}"
EndProject
Project("{FAE04EC0-301F-11D3-BF4B-00C04F79EFBC}") = "Demo.Domain", "src\Demo.Domain\Demo.Domain.csproj", "{91B698BC-CC11-4756-BA0B-DB4430FA8D6D}"
EndProject
Project("{FAE04EC0-301F-11D3-BF4B-00C04F79EFBC}") = "Demo.Data", "src\Demo.Data\Demo.Data.csproj", "{9BE43198-214F-4C52-A0D5-7D634E9429DB}"
EndProject
Project("{FAE04EC0-301F-11D3-BF4B-00C04F79EFBC}") = "Demo.Core", "src\Demo.Core\Demo.Core.csproj", "{D3CE2E70-1AE1-4FC1-90E7-681474A67FB9}"
EndProject
Global
	GlobalSection(SolutionConfigurationPlatforms) = preSolution
		Debug|Any CPU = Debug|Any CPU
		Debug|x64 = Debug|x64
		Debug|x86 = Debug|x86
		Release|Any CPU = Release|Any CPU
		Release|x64 = Release|x64
		Release|x86 = Release|x86
	EndGlobalSection
	GlobalSection(ProjectConfigurationPlatforms) = postSolution
		{23AAC98F-5E7D-42CF-B31E-831165EB2E22}.Debug|Any CPU.ActiveCfg = Debug|Any CPU
		{23AAC98F-5E7D-42CF-B31E-831165EB2E22}.Debug|Any CPU.Build.0 = Debug|Any CPU
		{23AAC98F-5E7D-42CF-B31E-831165EB2E22}.Debug|x64.ActiveCfg = Debug|Any CPU
		{23AAC98F-5E7D-42CF-B31E-831165EB2E22}.Debug|x64.Build.0 = Debug|Any CPU
		{23AAC98F-5E7D-42CF-B31E-831165EB2E22}.Debug|x86.ActiveCfg = Debug|Any CPU
		{23AAC98F-5E7D-42CF-B31E-831165EB2E22}.Debug|x86.Build.0 = Debug|Any CPU
		{23AAC98F-5E7D-42CF-B31E-831165EB2E22}.Release|Any CPU.ActiveCfg = Release|Any CPU
		{23AAC98F-5E7D-42CF-B31E-831165EB2E22}.Release|Any CPU.Build.0 = Release|Any CPU
		{23AAC98F-5E7D-42CF-B31E-831165EB2E22}.Release|x64.ActiveCfg = Release|Any CPU
		{23AAC98F-5E7D-42CF-B31E-831165EB2E22}.Release|x64.Build.0 = Release|Any CPU
		{23AAC98F-5E7D-42CF-B31E-831165EB2E22}.Release|x86.ActiveCfg = Release|Any CPU
		{23AAC98F-5E7D-42CF-B31E-831165EB2E22}.Release|x86.Build.0 = Release|Any CPU
		{91B698BC-CC11-4756-BA0B-DB4430FA8D6D}.Debug|Any CPU.ActiveCfg = Debug|Any CPU
		{91B698BC-CC11-4756-BA0B-DB4430FA8D6D}.Debug|Any CPU.Build.0 = Debug|Any CPU
		{91B698BC-CC11-4756-BA0B-DB4430FA8D6D}.Debug|x64.ActiveCfg = Debug|Any CPU
		{91B698BC-CC11-4756-BA0B-DB4430FA8D6D}.Debug|x64.Build.0 = Debug|Any CPU
		{91B698BC-CC11-4756-BA0B-DB4430FA8D6D}.Debug|x86.ActiveCfg = Debug|Any CPU
		{91B698BC-CC11-4756-BA0B-DB4430FA8D6D}.Debug|x86.Build.0 = Debug|Any CPU
		{91B698BC-CC11-4756-BA0B-DB4430FA8D6D}.Release|Any CPU.ActiveCfg = Release|Any CPU
		{91B698BC-CC11-4756-BA0B-DB4430FA8D6D}.Release|Any CPU.Build.0 = Release|Any CPU
		{91B698BC-CC11-4756-BA0B-DB4430FA8D6D}.Release|x64.ActiveCfg = Release|Any CPU
		{91B698BC-CC11-4756-BA0B-DB4430FA8D6D}.Release|x64.Build.0 = Release|Any CPU
		{91B698BC-CC11-4756-BA0B-DB4430FA8D6D}.Release|x86.ActiveCfg = Release|Any CPU
		{91B698BC-CC11-4756-BA0B-DB4430FA8D6D}.Release|x86.Build.0 = Release|Any CPU
		{9BE43198-214F-4C52-A0D5-7D634E9429DB}.Debug|Any CPU.ActiveCfg = Debug|Any CPU
		{9BE43198-214F-4C52-A0D5-7D634E9429DB}.Debug|Any CPU.Build.0 = Debug|Any CPU
		{9BE43198-214F-4C52-A0D5-7D634E9429DB}.Debug|x64.ActiveCfg = Debug|Any CPU
		{9BE43198-214F-4C52-A0D5-7D634E9429DB}.Debug|x64.Build.0 = Debug|Any CPU
		{9BE43198-214F-4C52-A0D5-7D634E9429DB}.Debug|x86.ActiveCfg = Debug|Any CPU
		{9BE43198-214F-4C52-A0D5-7D634E9429DB}.Debug|x86.Build.0 = Debug|Any CPU
		{9BE43198-214F-4C52-A0D5-7D634E9429DB}.Release|Any CPU.ActiveCfg = Release|Any CPU
		{9BE43198-214F-4C52-A0D5-7D634E9429DB}.Release|Any CPU.Build.0 = Release|Any CPU
		{9BE43198-214F-4C52-A0D5-7D634E9429DB}.Release|x64.ActiveCfg = Release|Any CPU
		{9BE43198-214F-4C52-A0D5-7D634E9429DB}.Release|x64.Build.0 = Release|Any CPU
		{9BE43198-214F-4C52-A0D5-7D634E9429DB}.Release|x86.ActiveCfg = Release|Any CPU
		{9BE43198-214F-4C52-A0D5-7D634E9429DB}.Release|x86.Build.0 = Release|Any CPU
		{D3CE2E70-1AE1-4FC1-90E7-681474A67FB9}.Debug|Any CPU.ActiveCfg = Debug|Any CPU
		{D3CE2E70-1AE1-4FC1-90E7-681474A67FB9}.Debug|Any CPU.Build.0 = Debug|Any CPU
		{D3CE2E70-1AE1-4FC1-90E7-681474A67FB9}.Debug|x64.ActiveCfg = Debug|Any CPU
		{D3CE2E70-1AE1-4FC1-90E7-681474A67FB9}.Debug|x64.Build.0 = Debug|Any CPU
		{D3CE2E70-1AE1-4FC1-90E7-681474A67FB9}.Debug|x86.ActiveCfg = Debug|Any CPU
		{D3CE2E70-1AE1-4FC1-90E7-681474A67FB9}.Debug|x86.Build.0 = Debug|Any CPU
		{D3CE2E70-1AE1-4FC1-90E7-681474A67FB9}.Release|Any CPU.ActiveCfg = Release|Any CPU
		{D3CE2E70-1AE1-4FC1-90E7-681474A67FB9}.Release|Any CPU.Build.0 = Release|Any CPU
		{D3CE2E70-1AE1-4FC1-90E7-681474A67FB9}.Release|x64.ActiveCfg = Release|Any CPU
		{D3CE2E70-1AE1-4FC1-90E7-681474A67FB9}.Release|x64.Build.0 = Release|Any CPU
		{D3CE2E70-1AE1-4FC1-90E7-681474A67FB9}.Release|x86.ActiveCfg = Release|Any CPU
		{D3CE2E70-1AE1-4FC1-90E7-681474A67FB9}.Release|x86.Build.0 = Release|Any CPU
	EndGlobalSection
	GlobalSection(SolutionProperties) = preSolution
		HideSolutionNode = FALSE
	EndGlobalSection
	GlobalSection(ExtensibilityGlobals) = postSolution
		SolutionGuid = {97BEA117-900F-4850-B2DA-58242E45DCE6}
	EndGlobalSection
EndGlobal
